
Microsoft Visual Studio Solution File, Format Version 12.00
# Visual Studio Version 16
VisualStudioVersion = 16.0.30523.141
MinimumVisualStudioVersion = 10.0.40219.1
Project("{FAE04EC0-301F-11D3-BF4B-00C04F79EFBC}") = "MatchingText", "MatchingText.csproj", "{17D821B4-ACA4-4795-8865-42F369708B20}"
EndProject
Global
	GlobalSection(SolutionConfigurationPlatforms) = preSolution
		Debug|Any CPU = Debug|Any CPU
		Release|Any CPU = Release|Any CPU
	EndGlobalSection
	GlobalSection(ProjectConfigurationPlatforms) = postSolution
		{17D821B4-ACA4-4795-8865-42F369708B20}.Debug|Any CPU.ActiveCfg = Debug|Any CPU
		{17D821B4-ACA4-4795-8865-42F369708B20}.Debug|Any CPU.Build.0 = Debug|Any CPU
		{17D821B4-ACA4-4795-8865-42F369708B20}.Release|Any CPU.ActiveCfg = Release|Any CPU
		{17D821B4-ACA4-4795-8865-42F369708B20}.Release|Any CPU.Build.0 = Release|Any CPU
	EndGlobalSection
	GlobalSection(SolutionProperties) = preSolution
		HideSolutionNode = FALSE
	EndGlobalSection
	GlobalSection(ExtensibilityGlobals) = postSolution
		SolutionGuid = {4D0BE3C4-1D52-476D-A164-9BC18A81E778}
	EndGlobalSection
EndGlobal
